
Microsoft Visual Studio Solution File, Format Version 12.00
# Visual Studio 15
VisualStudioVersion = 15.0.28307.168
MinimumVisualStudioVersion = 10.0.40219.1
Project("{FAE04EC0-301F-11D3-BF4B-00C04F79EFBC}") = "MyShop.Core", "MyShop.Core\MyShop.Core.csproj", "{833AEC65-F5B5-4266-AA94-CCA2CB188557}"
EndProject
Project("{FAE04EC0-301F-11D3-BF4B-00C04F79EFBC}") = "MyShop.Services", "MyShop.Services\MyShop.Services.csproj", "{022B4257-8F72-4B12-AE48-B5A9C0F31954}"
EndProject
Project("{FAE04EC0-301F-11D3-BF4B-00C04F79EFBC}") = "MyShop.DataAccess.SQL", "MyShop.DataAccess.SQL\MyShop.DataAccess.SQL.csproj", "{B53B8DF4-051B-4C8F-8A32-AA88352AD4F6}"
EndProject
Project("{FAE04EC0-301F-11D3-BF4B-00C04F79EFBC}") = "MyShop.DataAccess.InMemory", "MyShop.DataAccess.InMemory\MyShop.DataAccess.InMemory.csproj", "{37599A3C-AE05-4667-A44F-58741DBF5EA4}"
EndProject
Project("{FAE04EC0-301F-11D3-BF4B-00C04F79EFBC}") = "MyShop.WebUI", "MyShop.WebUI\MyShop.WebUI.csproj", "{A0640344-63B2-443A-BF58-5D5C119E87D9}"
EndProject
Project("{FAE04EC0-301F-11D3-BF4B-00C04F79EFBC}") = "MyShop.WebUI.Tests", "MyShop.WebUI.Tests\MyShop.WebUI.Tests.csproj", "{0BDEADD3-8CE6-4A3B-A2A0-A721CADA673D}"
EndProject
Global
	GlobalSection(SolutionConfigurationPlatforms) = preSolution
		Debug|Any CPU = Debug|Any CPU
		Release|Any CPU = Release|Any CPU
	EndGlobalSection
	GlobalSection(ProjectConfigurationPlatforms) = postSolution
		{833AEC65-F5B5-4266-AA94-CCA2CB188557}.Debug|Any CPU.ActiveCfg = Debug|Any CPU
		{833AEC65-F5B5-4266-AA94-CCA2CB188557}.Debug|Any CPU.Build.0 = Debug|Any CPU
		{833AEC65-F5B5-4266-AA94-CCA2CB188557}.Release|Any CPU.ActiveCfg = Release|Any CPU
		{833AEC65-F5B5-4266-AA94-CCA2CB188557}.Release|Any CPU.Build.0 = Release|Any CPU
		{022B4257-8F72-4B12-AE48-B5A9C0F31954}.Debug|Any CPU.ActiveCfg = Debug|Any CPU
		{022B4257-8F72-4B12-AE48-B5A9C0F31954}.Debug|Any CPU.Build.0 = Debug|Any CPU
		{022B4257-8F72-4B12-AE48-B5A9C0F31954}.Release|Any CPU.ActiveCfg = Release|Any CPU
		{022B4257-8F72-4B12-AE48-B5A9C0F31954}.Release|Any CPU.Build.0 = Release|Any CPU
		{B53B8DF4-051B-4C8F-8A32-AA88352AD4F6}.Debug|Any CPU.ActiveCfg = Debug|Any CPU
		{B53B8DF4-051B-4C8F-8A32-AA88352AD4F6}.Debug|Any CPU.Build.0 = Debug|Any CPU
		{B53B8DF4-051B-4C8F-8A32-AA88352AD4F6}.Release|Any CPU.ActiveCfg = Release|Any CPU
		{B53B8DF4-051B-4C8F-8A32-AA88352AD4F6}.Release|Any CPU.Build.0 = Release|Any CPU
		{37599A3C-AE05-4667-A44F-58741DBF5EA4}.Debug|Any CPU.ActiveCfg = Debug|Any CPU
		{37599A3C-AE05-4667-A44F-58741DBF5EA4}.Debug|Any CPU.Build.0 = Debug|Any CPU
		{37599A3C-AE05-4667-A44F-58741DBF5EA4}.Release|Any CPU.ActiveCfg = Release|Any CPU
		{37599A3C-AE05-4667-A44F-58741DBF5EA4}.Release|Any CPU.Build.0 = Release|Any CPU
		{A0640344-63B2-443A-BF58-5D5C119E87D9}.Debug|Any CPU.ActiveCfg = Debug|Any CPU
		{A0640344-63B2-443A-BF58-5D5C119E87D9}.Debug|Any CPU.Build.0 = Debug|Any CPU
		{A0640344-63B2-443A-BF58-5D5C119E87D9}.Release|Any CPU.ActiveCfg = Release|Any CPU
		{A0640344-63B2-443A-BF58-5D5C119E87D9}.Release|Any CPU.Build.0 = Release|Any CPU
		{0BDEADD3-8CE6-4A3B-A2A0-A721CADA673D}.Debug|Any CPU.ActiveCfg = Debug|Any CPU
		{0BDEADD3-8CE6-4A3B-A2A0-A721CADA673D}.Debug|Any CPU.Build.0 = Debug|Any CPU
		{0BDEADD3-8CE6-4A3B-A2A0-A721CADA673D}.Release|Any CPU.ActiveCfg = Release|Any CPU
		{0BDEADD3-8CE6-4A3B-A2A0-A721CADA673D}.Release|Any CPU.Build.0 = Release|Any CPU
	EndGlobalSection
	GlobalSection(SolutionProperties) = preSolution
		HideSolutionNode = FALSE
	EndGlobalSection
	GlobalSection(ExtensibilityGlobals) = postSolution
		SolutionGuid = {B4C46F31-A47E-4C80-AEB9-2B90BA174B4A}
	EndGlobalSection
EndGlobal
